// !$*UTF8*$!
{
	archiveVersion = 1;
	classes = {
	};
	objectVersion = 46;
	objects = {

/* Begin PBXBuildFile section */
		0BE1E7EE7B95F0AC73494150 /* libPods-IOSFrame.a in Frameworks */ = {isa = PBXBuildFile; fileRef = 3A7F8EDE800338EDB9BCEBC4 /* libPods-IOSFrame.a */; };
		18EF736B1F45CDC400526A70 /* libFirst.a in Frameworks */ = {isa = PBXBuildFile; fileRef = 18EF736A1F45CDC400526A70 /* libFirst.a */; };
		18EF736D1F45CDCA00526A70 /* libBus.a in Frameworks */ = {isa = PBXBuildFile; fileRef = 18EF736C1F45CDCA00526A70 /* libBus.a */; };
		18EF736F1F45CDD200526A70 /* libAFNetworking.a in Frameworks */ = {isa = PBXBuildFile; fileRef = 18EF736E1F45CDD200526A70 /* libAFNetworking.a */; };
		18EF73791F45D8B300526A70 /* libJSPatch.a in Frameworks */ = {isa = PBXBuildFile; fileRef = 18EF73781F45D8B300526A70 /* libJSPatch.a */; };
		B12E301D1F3D9A7E00F01F92 /* Podfile in Resources */ = {isa = PBXBuildFile; fileRef = B12E301C1F3D9A7E00F01F92 /* Podfile */; };
		B1ADE7D71F4152D100CFD1B8 /* libCordova.a in Frameworks */ = {isa = PBXBuildFile; fileRef = B1ADE7D61F4152D100CFD1B8 /* libCordova.a */; };
		B1ADE7D91F41531300CFD1B8 /* config.xml in Resources */ = {isa = PBXBuildFile; fileRef = B1ADE7D81F41531300CFD1B8 /* config.xml */; };
		B1D6531B1F298E1300FE33FE /* UIView+LayoutMethods.m in Sources */ = {isa = PBXBuildFile; fileRef = B1D6531A1F298E1300FE33FE /* UIView+LayoutMethods.m */; };
		B1D6531E1F29959500FE33FE /* Model_ForFirst_info.m in Sources */ = {isa = PBXBuildFile; fileRef = B1D6531D1F29959500FE33FE /* Model_ForFirst_info.m */; };
		B1D6537E1F29C36900FE33FE /* www in Resources */ = {isa = PBXBuildFile; fileRef = B1D6537D1F29C36900FE33FE /* www */; };
		B1D653871F29CB8200FE33FE /* shake_sound_male.wav in Resources */ = {isa = PBXBuildFile; fileRef = B1D653861F29CB8200FE33FE /* shake_sound_male.wav */; };
		B1D653911F29D62300FE33FE /* demo.js in Resources */ = {isa = PBXBuildFile; fileRef = B1D653901F29D62300FE33FE /* demo.js */; };
		B1D654231F29D6EE00FE33FE /* libz.1.tbd in Frameworks */ = {isa = PBXBuildFile; fileRef = B1D654221F29D6EE00FE33FE /* libz.1.tbd */; };
		B1D654251F29D6F600FE33FE /* JavaScriptCore.framework in Frameworks */ = {isa = PBXBuildFile; fileRef = B1D654241F29D6F600FE33FE /* JavaScriptCore.framework */; };
		B1D6542A1F29D8BE00FE33FE /* libz.tbd in Frameworks */ = {isa = PBXBuildFile; fileRef = B1D654291F29D8BE00FE33FE /* libz.tbd */; };
		B1FC2A131F286D9000719091 /* main.m in Sources */ = {isa = PBXBuildFile; fileRef = B1FC2A121F286D9000719091 /* main.m */; };
		B1FC2A161F286D9000719091 /* AppDelegate.m in Sources */ = {isa = PBXBuildFile; fileRef = B1FC2A151F286D9000719091 /* AppDelegate.m */; };
		B1FC2A191F286D9000719091 /* ViewController.m in Sources */ = {isa = PBXBuildFile; fileRef = B1FC2A181F286D9000719091 /* ViewController.m */; };
		B1FC2A1C1F286D9000719091 /* Main.storyboard in Resources */ = {isa = PBXBuildFile; fileRef = B1FC2A1A1F286D9000719091 /* Main.storyboard */; };
		B1FC2A1E1F286D9000719091 /* Assets.xcassets in Resources */ = {isa = PBXBuildFile; fileRef = B1FC2A1D1F286D9000719091 /* Assets.xcassets */; };
		B1FC2A211F286D9000719091 /* LaunchScreen.storyboard in Resources */ = {isa = PBXBuildFile; fileRef = B1FC2A1F1F286D9000719091 /* LaunchScreen.storyboard */; };
		B1FC2A2C1F286D9100719091 /* IOSFrameTests.m in Sources */ = {isa = PBXBuildFile; fileRef = B1FC2A2B1F286D9100719091 /* IOSFrameTests.m */; };
		B1FC2A371F286D9100719091 /* IOSFrameUITests.m in Sources */ = {isa = PBXBuildFile; fileRef = B1FC2A361F286D9100719091 /* IOSFrameUITests.m */; };
		B1FC2A571F286F5B00719091 /* SecondViewController.m in Sources */ = {isa = PBXBuildFile; fileRef = B1FC2A561F286F5B00719091 /* SecondViewController.m */; };
		B1FC2A5A1F286F6D00719091 /* ThirdViewController.m in Sources */ = {isa = PBXBuildFile; fileRef = B1FC2A591F286F6D00719091 /* ThirdViewController.m */; };
		B1FC2A671F28735C00719091 /* Connector_Second.m in Sources */ = {isa = PBXBuildFile; fileRef = B1FC2A661F28735C00719091 /* Connector_Second.m */; };
		B1FC2A6A1F28737500719091 /* Connector_Third.m in Sources */ = {isa = PBXBuildFile; fileRef = B1FC2A691F28737500719091 /* Connector_Third.m */; };
		B1FC2A751F2898D000719091 /* UserInfo.m in Sources */ = {isa = PBXBuildFile; fileRef = B1FC2A741F2898D000719091 /* UserInfo.m */; };
		B1FF61EF1F4151FA00FA1F63 /* libFourth.a in Frameworks */ = {isa = PBXBuildFile; fileRef = B12E30571F3DB21900F01F92 /* libFourth.a */; };
/* End PBXBuildFile section */

/* Begin PBXContainerItemProxy section */
		B1FC2A281F286D9100719091 /* PBXContainerItemProxy */ = {
			isa = PBXContainerItemProxy;
			containerPortal = B1FC2A061F286D9000719091 /* Project object */;
			proxyType = 1;
			remoteGlobalIDString = B1FC2A0D1F286D9000719091;
			remoteInfo = IOSFrame;
		};
		B1FC2A331F286D9100719091 /* PBXContainerItemProxy */ = {
			isa = PBXContainerItemProxy;
			containerPortal = B1FC2A061F286D9000719091 /* Project object */;
			proxyType = 1;
			remoteGlobalIDString = B1FC2A0D1F286D9000719091;
			remoteInfo = IOSFrame;
		};
/* End PBXContainerItemProxy section */

/* Begin PBXCopyFilesBuildPhase section */
		B1655C8E1F2AECB400BADB6E /* Embed Frameworks */ = {
			isa = PBXCopyFilesBuildPhase;
			buildActionMask = 2147483647;
			dstPath = "";
			dstSubfolderSpec = 10;
			files = (
			);
			name = "Embed Frameworks";
			runOnlyForDeploymentPostprocessing = 0;
		};
/* End PBXCopyFilesBuildPhase section */

/* Begin PBXFileReference section */
		18EF736A1F45CDC400526A70 /* libFirst.a */ = {isa = PBXFileReference; lastKnownFileType = archive.ar; name = libFirst.a; path = "../../../Library/Developer/Xcode/DerivedData/IOSFrame-fqnvdkdwbrmxztckbevclmacsmqt/Build/Products/Debug-iphonesimulator/First/libFirst.a"; sourceTree = "<group>"; };
		18EF736C1F45CDCA00526A70 /* libBus.a */ = {isa = PBXFileReference; lastKnownFileType = archive.ar; name = libBus.a; path = "../../../Library/Developer/Xcode/DerivedData/IOSFrame-fqnvdkdwbrmxztckbevclmacsmqt/Build/Products/Debug-iphonesimulator/Bus/libBus.a"; sourceTree = "<group>"; };
		18EF736E1F45CDD200526A70 /* libAFNetworking.a */ = {isa = PBXFileReference; lastKnownFileType = archive.ar; name = libAFNetworking.a; path = "../../../Library/Developer/Xcode/DerivedData/IOSFrame-fqnvdkdwbrmxztckbevclmacsmqt/Build/Products/Debug-iphonesimulator/AFNetworking/libAFNetworking.a"; sourceTree = "<group>"; };
		18EF73781F45D8B300526A70 /* libJSPatch.a */ = {isa = PBXFileReference; lastKnownFileType = archive.ar; name = libJSPatch.a; path = "Pods/../build/Debug-iphoneos/JSPatch/libJSPatch.a"; sourceTree = "<group>"; };
		1F027E93B33E56EAB3F5E7FD /* Pods-IOSFrame.release.xcconfig */ = {isa = PBXFileReference; includeInIndex = 1; lastKnownFileType = text.xcconfig; name = "Pods-IOSFrame.release.xcconfig"; path = "Pods/Target Support Files/Pods-IOSFrame/Pods-IOSFrame.release.xcconfig"; sourceTree = "<group>"; };
		3A7F8EDE800338EDB9BCEBC4 /* libPods-IOSFrame.a */ = {isa = PBXFileReference; explicitFileType = archive.ar; includeInIndex = 0; path = "libPods-IOSFrame.a"; sourceTree = BUILT_PRODUCTS_DIR; };
		A5872E193B9E2DC2DCD09B56 /* Pods-IOSFrame.debug.xcconfig */ = {isa = PBXFileReference; includeInIndex = 1; lastKnownFileType = text.xcconfig; name = "Pods-IOSFrame.debug.xcconfig"; path = "Pods/Target Support Files/Pods-IOSFrame/Pods-IOSFrame.debug.xcconfig"; sourceTree = "<group>"; };
		B12E301C1F3D9A7E00F01F92 /* Podfile */ = {isa = PBXFileReference; fileEncoding = 4; lastKnownFileType = text; path = Podfile; sourceTree = SOURCE_ROOT; xcLanguageSpecificationIdentifier = xcode.lang.ruby; };
		B12E30571F3DB21900F01F92 /* libFourth.a */ = {isa = PBXFileReference; lastKnownFileType = archive.ar; name = libFourth.a; path = "../../../Library/Developer/Xcode/DerivedData/IOSFrame-dyhrvhzhvxjmnifdljoujwweotrz/Build/Products/Debug-iphonesimulator/Fourth/libFourth.a"; sourceTree = "<group>"; };
		B1ADE7D61F4152D100CFD1B8 /* libCordova.a */ = {isa = PBXFileReference; lastKnownFileType = archive.ar; name = libCordova.a; path = "../../../Library/Developer/Xcode/DerivedData/IOSFrame-dyhrvhzhvxjmnifdljoujwweotrz/Build/Products/Debug-iphonesimulator/Cordova/libCordova.a"; sourceTree = "<group>"; };
		B1ADE7D81F41531300CFD1B8 /* config.xml */ = {isa = PBXFileReference; fileEncoding = 4; lastKnownFileType = text.xml; name = config.xml; path = CordovaLib/config.xml; sourceTree = SOURCE_ROOT; };
		B1D653191F298E1300FE33FE /* UIView+LayoutMethods.h */ = {isa = PBXFileReference; fileEncoding = 4; lastKnownFileType = sourcecode.c.h; path = "UIView+LayoutMethods.h"; sourceTree = "<group>"; };
		B1D6531A1F298E1300FE33FE /* UIView+LayoutMethods.m */ = {isa = PBXFileReference; fileEncoding = 4; lastKnownFileType = sourcecode.c.objc; path = "UIView+LayoutMethods.m"; sourceTree = "<group>"; };
		B1D6531C1F29959500FE33FE /* Model_ForFirst_info.h */ = {isa = PBXFileReference; fileEncoding = 4; lastKnownFileType = sourcecode.c.h; path = Model_ForFirst_info.h; sourceTree = "<group>"; };
		B1D6531D1F29959500FE33FE /* Model_ForFirst_info.m */ = {isa = PBXFileReference; fileEncoding = 4; lastKnownFileType = sourcecode.c.objc; path = Model_ForFirst_info.m; sourceTree = "<group>"; };
		B1D653771F29BD1400FE33FE /* PrefixHeader.pch */ = {isa = PBXFileReference; lastKnownFileType = sourcecode.c.h; path = PrefixHeader.pch; sourceTree = "<group>"; };
		B1D6537D1F29C36900FE33FE /* www */ = {isa = PBXFileReference; lastKnownFileType = folder; path = www; sourceTree = "<group>"; };
		B1D653861F29CB8200FE33FE /* shake_sound_male.wav */ = {isa = PBXFileReference; lastKnownFileType = audio.wav; path = shake_sound_male.wav; sourceTree = "<group>"; };
		B1D653901F29D62300FE33FE /* demo.js */ = {isa = PBXFileReference; fileEncoding = 4; lastKnownFileType = sourcecode.javascript; path = demo.js; sourceTree = "<group>"; };
		B1D654221F29D6EE00FE33FE /* libz.1.tbd */ = {isa = PBXFileReference; lastKnownFileType = "sourcecode.text-based-dylib-definition"; name = libz.1.tbd; path = usr/lib/libz.1.tbd; sourceTree = SDKROOT; };
		B1D654241F29D6F600FE33FE /* JavaScriptCore.framework */ = {isa = PBXFileReference; lastKnownFileType = wrapper.framework; name = JavaScriptCore.framework; path = System/Library/Frameworks/JavaScriptCore.framework; sourceTree = SDKROOT; };
		B1D654291F29D8BE00FE33FE /* libz.tbd */ = {isa = PBXFileReference; lastKnownFileType = "sourcecode.text-based-dylib-definition"; name = libz.tbd; path = usr/lib/libz.tbd; sourceTree = SDKROOT; };
		B1FC2A0E1F286D9000719091 /* IOSFrame.app */ = {isa = PBXFileReference; explicitFileType = wrapper.application; includeInIndex = 0; path = IOSFrame.app; sourceTree = BUILT_PRODUCTS_DIR; };
		B1FC2A121F286D9000719091 /* main.m */ = {isa = PBXFileReference; lastKnownFileType = sourcecode.c.objc; path = main.m; sourceTree = "<group>"; };
		B1FC2A141F286D9000719091 /* AppDelegate.h */ = {isa = PBXFileReference; lastKnownFileType = sourcecode.c.h; path = AppDelegate.h; sourceTree = "<group>"; };
		B1FC2A151F286D9000719091 /* AppDelegate.m */ = {isa = PBXFileReference; lastKnownFileType = sourcecode.c.objc; path = AppDelegate.m; sourceTree = "<group>"; };
		B1FC2A171F286D9000719091 /* ViewController.h */ = {isa = PBXFileReference; lastKnownFileType = sourcecode.c.h; path = ViewController.h; sourceTree = "<group>"; };
		B1FC2A181F286D9000719091 /* ViewController.m */ = {isa = PBXFileReference; lastKnownFileType = sourcecode.c.objc; path = ViewController.m; sourceTree = "<group>"; };
		B1FC2A1B1F286D9000719091 /* Base */ = {isa = PBXFileReference; lastKnownFileType = file.storyboard; name = Base; path = Base.lproj/Main.storyboard; sourceTree = "<group>"; };
		B1FC2A1D1F286D9000719091 /* Assets.xcassets */ = {isa = PBXFileReference; lastKnownFileType = folder.assetcatalog; path = Assets.xcassets; sourceTree = "<group>"; };
		B1FC2A201F286D9000719091 /* Base */ = {isa = PBXFileReference; lastKnownFileType = file.storyboard; name = Base; path = Base.lproj/LaunchScreen.storyboard; sourceTree = "<group>"; };
		B1FC2A221F286D9000719091 /* Info.plist */ = {isa = PBXFileReference; lastKnownFileType = text.plist.xml; path = Info.plist; sourceTree = "<group>"; };
		B1FC2A271F286D9100719091 /* IOSFrameTests.xctest */ = {isa = PBXFileReference; explicitFileType = wrapper.cfbundle; includeInIndex = 0; path = IOSFrameTests.xctest; sourceTree = BUILT_PRODUCTS_DIR; };
		B1FC2A2B1F286D9100719091 /* IOSFrameTests.m */ = {isa = PBXFileReference; lastKnownFileType = sourcecode.c.objc; path = IOSFrameTests.m; sourceTree = "<group>"; };
		B1FC2A2D1F286D9100719091 /* Info.plist */ = {isa = PBXFileReference; lastKnownFileType = text.plist.xml; path = Info.plist; sourceTree = "<group>"; };
		B1FC2A321F286D9100719091 /* IOSFrameUITests.xctest */ = {isa = PBXFileReference; explicitFileType = wrapper.cfbundle; includeInIndex = 0; path = IOSFrameUITests.xctest; sourceTree = BUILT_PRODUCTS_DIR; };
		B1FC2A361F286D9100719091 /* IOSFrameUITests.m */ = {isa = PBXFileReference; lastKnownFileType = sourcecode.c.objc; path = IOSFrameUITests.m; sourceTree = "<group>"; };
		B1FC2A381F286D9100719091 /* Info.plist */ = {isa = PBXFileReference; lastKnownFileType = text.plist.xml; path = Info.plist; sourceTree = "<group>"; };
		B1FC2A551F286F5B00719091 /* SecondViewController.h */ = {isa = PBXFileReference; fileEncoding = 4; lastKnownFileType = sourcecode.c.h; path = SecondViewController.h; sourceTree = "<group>"; };
		B1FC2A561F286F5B00719091 /* SecondViewController.m */ = {isa = PBXFileReference; fileEncoding = 4; lastKnownFileType = sourcecode.c.objc; path = SecondViewController.m; sourceTree = "<group>"; };
		B1FC2A581F286F6D00719091 /* ThirdViewController.h */ = {isa = PBXFileReference; fileEncoding = 4; lastKnownFileType = sourcecode.c.h; path = ThirdViewController.h; sourceTree = "<group>"; };
		B1FC2A591F286F6D00719091 /* ThirdViewController.m */ = {isa = PBXFileReference; fileEncoding = 4; lastKnownFileType = sourcecode.c.objc; path = ThirdViewController.m; sourceTree = "<group>"; };
		B1FC2A651F28735C00719091 /* Connector_Second.h */ = {isa = PBXFileReference; fileEncoding = 4; lastKnownFileType = sourcecode.c.h; path = Connector_Second.h; sourceTree = "<group>"; };
		B1FC2A661F28735C00719091 /* Connector_Second.m */ = {isa = PBXFileReference; fileEncoding = 4; lastKnownFileType = sourcecode.c.objc; path = Connector_Second.m; sourceTree = "<group>"; };
		B1FC2A681F28737500719091 /* Connector_Third.h */ = {isa = PBXFileReference; fileEncoding = 4; lastKnownFileType = sourcecode.c.h; path = Connector_Third.h; sourceTree = "<group>"; };
		B1FC2A691F28737500719091 /* Connector_Third.m */ = {isa = PBXFileReference; fileEncoding = 4; lastKnownFileType = sourcecode.c.objc; path = Connector_Third.m; sourceTree = "<group>"; };
		B1FC2A731F2898D000719091 /* UserInfo.h */ = {isa = PBXFileReference; fileEncoding = 4; lastKnownFileType = sourcecode.c.h; path = UserInfo.h; sourceTree = "<group>"; };
		B1FC2A741F2898D000719091 /* UserInfo.m */ = {isa = PBXFileReference; fileEncoding = 4; lastKnownFileType = sourcecode.c.objc; path = UserInfo.m; sourceTree = "<group>"; };
		B1FC2A761F289AC600719091 /* ModelUserInfoItemPrt.h */ = {isa = PBXFileReference; fileEncoding = 4; lastKnownFileType = sourcecode.c.h; path = ModelUserInfoItemPrt.h; sourceTree = "<group>"; };
		B1FC2A791F289EFD00719091 /* ModelUserInfoServicePrt.h */ = {isa = PBXFileReference; fileEncoding = 4; lastKnownFileType = sourcecode.c.h; path = ModelUserInfoServicePrt.h; sourceTree = "<group>"; };
/* End PBXFileReference section */

/* Begin PBXFrameworksBuildPhase section */
		B1FC2A0B1F286D9000719091 /* Frameworks */ = {
			isa = PBXFrameworksBuildPhase;
			buildActionMask = 2147483647;
			files = (
				18EF73791F45D8B300526A70 /* libJSPatch.a in Frameworks */,
				18EF736F1F45CDD200526A70 /* libAFNetworking.a in Frameworks */,
				18EF736D1F45CDCA00526A70 /* libBus.a in Frameworks */,
				18EF736B1F45CDC400526A70 /* libFirst.a in Frameworks */,
				B1ADE7D71F4152D100CFD1B8 /* libCordova.a in Frameworks */,
				B1FF61EF1F4151FA00FA1F63 /* libFourth.a in Frameworks */,
				B1D6542A1F29D8BE00FE33FE /* libz.tbd in Frameworks */,
				B1D654251F29D6F600FE33FE /* JavaScriptCore.framework in Frameworks */,
				B1D654231F29D6EE00FE33FE /* libz.1.tbd in Frameworks */,
				0BE1E7EE7B95F0AC73494150 /* libPods-IOSFrame.a in Frameworks */,
			);
			runOnlyForDeploymentPostprocessing = 0;
		};
		B1FC2A241F286D9100719091 /* Frameworks */ = {
			isa = PBXFrameworksBuildPhase;
			buildActionMask = 2147483647;
			files = (
			);
			runOnlyForDeploymentPostprocessing = 0;
		};
		B1FC2A2F1F286D9100719091 /* Frameworks */ = {
			isa = PBXFrameworksBuildPhase;
			buildActionMask = 2147483647;
			files = (
			);
			runOnlyForDeploymentPostprocessing = 0;
		};
/* End PBXFrameworksBuildPhase section */

/* Begin PBXGroup section */
		510E5800E1777C69486CC1FD /* Pods */ = {
			isa = PBXGroup;
			children = (
				A5872E193B9E2DC2DCD09B56 /* Pods-IOSFrame.debug.xcconfig */,
				1F027E93B33E56EAB3F5E7FD /* Pods-IOSFrame.release.xcconfig */,
			);
			name = Pods;
			sourceTree = "<group>";
		};
		B1D654211F29D6EE00FE33FE /* Frameworks */ = {
			isa = PBXGroup;
			children = (
				18EF73781F45D8B300526A70 /* libJSPatch.a */,
				18EF736E1F45CDD200526A70 /* libAFNetworking.a */,
				18EF736C1F45CDCA00526A70 /* libBus.a */,
				18EF736A1F45CDC400526A70 /* libFirst.a */,
				B1ADE7D61F4152D100CFD1B8 /* libCordova.a */,
				B12E30571F3DB21900F01F92 /* libFourth.a */,
				B1D654291F29D8BE00FE33FE /* libz.tbd */,
				B1D654241F29D6F600FE33FE /* JavaScriptCore.framework */,
				B1D654221F29D6EE00FE33FE /* libz.1.tbd */,
				3A7F8EDE800338EDB9BCEBC4 /* libPods-IOSFrame.a */,
			);
			name = Frameworks;
			sourceTree = "<group>";
		};
		B1FC2A051F286D9000719091 = {
			isa = PBXGroup;
			children = (
				B1FC2A101F286D9000719091 /* IOSFrame */,
				B1FC2A2A1F286D9100719091 /* IOSFrameTests */,
				B1FC2A351F286D9100719091 /* IOSFrameUITests */,
				B1FC2A0F1F286D9000719091 /* Products */,
				B1D654211F29D6EE00FE33FE /* Frameworks */,
				510E5800E1777C69486CC1FD /* Pods */,
			);
			sourceTree = "<group>";
		};
		B1FC2A0F1F286D9000719091 /* Products */ = {
			isa = PBXGroup;
			children = (
				B1FC2A0E1F286D9000719091 /* IOSFrame.app */,
				B1FC2A271F286D9100719091 /* IOSFrameTests.xctest */,
				B1FC2A321F286D9100719091 /* IOSFrameUITests.xctest */,
			);
			name = Products;
			sourceTree = "<group>";
		};
		B1FC2A101F286D9000719091 /* IOSFrame */ = {
			isa = PBXGroup;
			children = (
				B1FC2A141F286D9000719091 /* AppDelegate.h */,
				B1FC2A151F286D9000719091 /* AppDelegate.m */,
				B1FC2A171F286D9000719091 /* ViewController.h */,
				B1FC2A181F286D9000719091 /* ViewController.m */,
				B1FC2A5E1F2872A700719091 /* FirstGroup */,
				B1FC2A5F1F2872BB00719091 /* SecondGroup */,
				B1FC2A601F2872CD00719091 /* ThirdGroup */,
				B1FC2A611F2872DC00719091 /* FourthGroup */,
				B1FC2A721F28988900719091 /* model */,
				B1D653191F298E1300FE33FE /* UIView+LayoutMethods.h */,
				B1D6531A1F298E1300FE33FE /* UIView+LayoutMethods.m */,
				B12E301C1F3D9A7E00F01F92 /* Podfile */,
				B1FC2A1A1F286D9000719091 /* Main.storyboard */,
				B1FC2A1D1F286D9000719091 /* Assets.xcassets */,
				B1FC2A1F1F286D9000719091 /* LaunchScreen.storyboard */,
				B1ADE7D81F41531300CFD1B8 /* config.xml */,
				B1FC2A221F286D9000719091 /* Info.plist */,
				B1D6537D1F29C36900FE33FE /* www */,
				B1D653771F29BD1400FE33FE /* PrefixHeader.pch */,
				B1D653861F29CB8200FE33FE /* shake_sound_male.wav */,
				B1D653901F29D62300FE33FE /* demo.js */,
				B1FC2A111F286D9000719091 /* Supporting Files */,
			);
			path = IOSFrame;
			sourceTree = "<group>";
		};
		B1FC2A111F286D9000719091 /* Supporting Files */ = {
			isa = PBXGroup;
			children = (
				B1FC2A121F286D9000719091 /* main.m */,
			);
			name = "Supporting Files";
			sourceTree = "<group>";
		};
		B1FC2A2A1F286D9100719091 /* IOSFrameTests */ = {
			isa = PBXGroup;
			children = (
				B1FC2A2B1F286D9100719091 /* IOSFrameTests.m */,
				B1FC2A2D1F286D9100719091 /* Info.plist */,
			);
			path = IOSFrameTests;
			sourceTree = "<group>";
		};
		B1FC2A351F286D9100719091 /* IOSFrameUITests */ = {
			isa = PBXGroup;
			children = (
				B1FC2A361F286D9100719091 /* IOSFrameUITests.m */,
				B1FC2A381F286D9100719091 /* Info.plist */,
			);
			path = IOSFrameUITests;
			sourceTree = "<group>";
		};
		B1FC2A5E1F2872A700719091 /* FirstGroup */ = {
			isa = PBXGroup;
			children = (
			);
			name = FirstGroup;
			sourceTree = "<group>";
		};
		B1FC2A5F1F2872BB00719091 /* SecondGroup */ = {
			isa = PBXGroup;
			children = (
				B1FC2A651F28735C00719091 /* Connector_Second.h */,
				B1FC2A661F28735C00719091 /* Connector_Second.m */,
				B1D6531C1F29959500FE33FE /* Model_ForFirst_info.h */,
				B1D6531D1F29959500FE33FE /* Model_ForFirst_info.m */,
				B1FC2A551F286F5B00719091 /* SecondViewController.h */,
				B1FC2A561F286F5B00719091 /* SecondViewController.m */,
			);
			name = SecondGroup;
			sourceTree = "<group>";
		};
		B1FC2A601F2872CD00719091 /* ThirdGroup */ = {
			isa = PBXGroup;
			children = (
				B1FC2A681F28737500719091 /* Connector_Third.h */,
				B1FC2A691F28737500719091 /* Connector_Third.m */,
				B1FC2A581F286F6D00719091 /* ThirdViewController.h */,
				B1FC2A591F286F6D00719091 /* ThirdViewController.m */,
			);
			name = ThirdGroup;
			sourceTree = "<group>";
		};
		B1FC2A611F2872DC00719091 /* FourthGroup */ = {
			isa = PBXGroup;
			children = (
			);
			name = FourthGroup;
			sourceTree = "<group>";
		};
		B1FC2A721F28988900719091 /* model */ = {
			isa = PBXGroup;
			children = (
				B1FC2A761F289AC600719091 /* ModelUserInfoItemPrt.h */,
				B1FC2A791F289EFD00719091 /* ModelUserInfoServicePrt.h */,
				B1FC2A731F2898D000719091 /* UserInfo.h */,
				B1FC2A741F2898D000719091 /* UserInfo.m */,
			);
			name = model;
			sourceTree = "<group>";
		};
/* End PBXGroup section */

/* Begin PBXNativeTarget section */
		B1FC2A0D1F286D9000719091 /* IOSFrame */ = {
			isa = PBXNativeTarget;
			buildConfigurationList = B1FC2A3B1F286D9100719091 /* Build configuration list for PBXNativeTarget "IOSFrame" */;
			buildPhases = (
				A37AAD82C3EA84AAC27BFD89 /* [CP] Check Pods Manifest.lock */,
				B1FC2A0A1F286D9000719091 /* Sources */,
				B1FC2A0B1F286D9000719091 /* Frameworks */,
				B1FC2A0C1F286D9000719091 /* Resources */,
				B1655C8E1F2AECB400BADB6E /* Embed Frameworks */,
				F8EF4F0733911875C6753E6B /* [CP] Embed Pods Frameworks */,
				B79B58FFB4B05C9333F6DE6A /* [CP] Copy Pods Resources */,
			);
			buildRules = (
			);
			dependencies = (
			);
			name = IOSFrame;
			productName = IOSFrame;
			productReference = B1FC2A0E1F286D9000719091 /* IOSFrame.app */;
			productType = "com.apple.product-type.application";
		};
		B1FC2A261F286D9100719091 /* IOSFrameTests */ = {
			isa = PBXNativeTarget;
			buildConfigurationList = B1FC2A3E1F286D9100719091 /* Build configuration list for PBXNativeTarget "IOSFrameTests" */;
			buildPhases = (
				B1FC2A231F286D9100719091 /* Sources */,
				B1FC2A241F286D9100719091 /* Frameworks */,
				B1FC2A251F286D9100719091 /* Resources */,
			);
			buildRules = (
			);
			dependencies = (
				B1FC2A291F286D9100719091 /* PBXTargetDependency */,
			);
			name = IOSFrameTests;
			productName = IOSFrameTests;
			productReference = B1FC2A271F286D9100719091 /* IOSFrameTests.xctest */;
			productType = "com.apple.product-type.bundle.unit-test";
		};
		B1FC2A311F286D9100719091 /* IOSFrameUITests */ = {
			isa = PBXNativeTarget;
			buildConfigurationList = B1FC2A411F286D9100719091 /* Build configuration list for PBXNativeTarget "IOSFrameUITests" */;
			buildPhases = (
				B1FC2A2E1F286D9100719091 /* Sources */,
				B1FC2A2F1F286D9100719091 /* Frameworks */,
				B1FC2A301F286D9100719091 /* Resources */,
			);
			buildRules = (
			);
			dependencies = (
				B1FC2A341F286D9100719091 /* PBXTargetDependency */,
			);
			name = IOSFrameUITests;
			productName = IOSFrameUITests;
			productReference = B1FC2A321F286D9100719091 /* IOSFrameUITests.xctest */;
			productType = "com.apple.product-type.bundle.ui-testing";
		};
/* End PBXNativeTarget section */

/* Begin PBXProject section */
		B1FC2A061F286D9000719091 /* Project object */ = {
			isa = PBXProject;
			attributes = {
				LastUpgradeCheck = 0830;
				ORGANIZATIONNAME = "安昌";
				TargetAttributes = {
					B1FC2A0D1F286D9000719091 = {
						CreatedOnToolsVersion = 8.3.3;
						ProvisioningStyle = Automatic;
					};
					B1FC2A261F286D9100719091 = {
						CreatedOnToolsVersion = 8.3.3;
						ProvisioningStyle = Automatic;
						TestTargetID = B1FC2A0D1F286D9000719091;
					};
					B1FC2A311F286D9100719091 = {
						CreatedOnToolsVersion = 8.3.3;
						ProvisioningStyle = Automatic;
						TestTargetID = B1FC2A0D1F286D9000719091;
					};
				};
			};
			buildConfigurationList = B1FC2A091F286D9000719091 /* Build configuration list for PBXProject "IOSFrame" */;
			compatibilityVersion = "Xcode 3.2";
			developmentRegion = English;
			hasScannedForEncodings = 0;
			knownRegions = (
				en,
				Base,
			);
			mainGroup = B1FC2A051F286D9000719091;
			productRefGroup = B1FC2A0F1F286D9000719091 /* Products */;
			projectDirPath = "";
			projectRoot = "";
			targets = (
				B1FC2A0D1F286D9000719091 /* IOSFrame */,
				B1FC2A261F286D9100719091 /* IOSFrameTests */,
				B1FC2A311F286D9100719091 /* IOSFrameUITests */,
			);
		};
/* End PBXProject section */

/* Begin PBXResourcesBuildPhase section */
		B1FC2A0C1F286D9000719091 /* Resources */ = {
			isa = PBXResourcesBuildPhase;
			buildActionMask = 2147483647;
			files = (
				B1FC2A211F286D9000719091 /* LaunchScreen.storyboard in Resources */,
				B1FC2A1E1F286D9000719091 /* Assets.xcassets in Resources */,
				B1FC2A1C1F286D9000719091 /* Main.storyboard in Resources */,
				B1D6537E1F29C36900FE33FE /* www in Resources */,
				B1D653871F29CB8200FE33FE /* shake_sound_male.wav in Resources */,
				B1ADE7D91F41531300CFD1B8 /* config.xml in Resources */,
				B12E301D1F3D9A7E00F01F92 /* Podfile in Resources */,
				B1D653911F29D62300FE33FE /* demo.js in Resources */,
			);
			runOnlyForDeploymentPostprocessing = 0;
		};
		B1FC2A251F286D9100719091 /* Resources */ = {
			isa = PBXResourcesBuildPhase;
			buildActionMask = 2147483647;
			files = (
			);
			runOnlyForDeploymentPostprocessing = 0;
		};
		B1FC2A301F286D9100719091 /* Resources */ = {
			isa = PBXResourcesBuildPhase;
			buildActionMask = 2147483647;
			files = (
			);
			runOnlyForDeploymentPostprocessing = 0;
		};
/* End PBXResourcesBuildPhase section */

/* Begin PBXShellScriptBuildPhase section */
		A37AAD82C3EA84AAC27BFD89 /* [CP] Check Pods Manifest.lock */ = {
			isa = PBXShellScriptBuildPhase;
			buildActionMask = 2147483647;
			files = (
			);
			inputPaths = (
				"${PODS_PODFILE_DIR_PATH}/Podfile.lock",
				"${PODS_ROOT}/Manifest.lock",
			);
			name = "[CP] Check Pods Manifest.lock";
			outputPaths = (
				"$(DERIVED_FILE_DIR)/Pods-IOSFrame-checkManifestLockResult.txt",
			);
			runOnlyForDeploymentPostprocessing = 0;
			shellPath = /bin/sh;
			shellScript = "diff \"${PODS_ROOT}/../Podfile.lock\" \"${PODS_ROOT}/Manifest.lock\" > /dev/null\nif [ $? != 0 ] ; then\n    # print error to STDERR\n    echo \"error: The sandbox is not in sync with the Podfile.lock. Run 'pod install' or update your CocoaPods installation.\" >&2\n    exit 1\nfi\n";
			showEnvVarsInLog = 0;
		};
		B79B58FFB4B05C9333F6DE6A /* [CP] Copy Pods Resources */ = {
			isa = PBXShellScriptBuildPhase;
			buildActionMask = 2147483647;
			files = (
			);
			inputPaths = (
			);
			name = "[CP] Copy Pods Resources";
			outputPaths = (
			);
			runOnlyForDeploymentPostprocessing = 0;
			shellPath = /bin/sh;
			shellScript = "\"${SRCROOT}/Pods/Target Support Files/Pods-IOSFrame/Pods-IOSFrame-resources.sh\"\n";
			showEnvVarsInLog = 0;
		};
		F8EF4F0733911875C6753E6B /* [CP] Embed Pods Frameworks */ = {
			isa = PBXShellScriptBuildPhase;
			buildActionMask = 2147483647;
			files = (
			);
			inputPaths = (
			);
			name = "[CP] Embed Pods Frameworks";
			outputPaths = (
			);
			runOnlyForDeploymentPostprocessing = 0;
			shellPath = /bin/sh;
			shellScript = "\"${SRCROOT}/Pods/Target Support Files/Pods-IOSFrame/Pods-IOSFrame-frameworks.sh\"\n";
			showEnvVarsInLog = 0;
		};
/* End PBXShellScriptBuildPhase section */

/* Begin PBXSourcesBuildPhase section */
		B1FC2A0A1F286D9000719091 /* Sources */ = {
			isa = PBXSourcesBuildPhase;
			buildActionMask = 2147483647;
			files = (
				B1FC2A751F2898D000719091 /* UserInfo.m in Sources */,
				B1FC2A571F286F5B00719091 /* SecondViewController.m in Sources */,
				B1FC2A191F286D9000719091 /* ViewController.m in Sources */,
				B1D6531B1F298E1300FE33FE /* UIView+LayoutMethods.m in Sources */,
				B1FC2A6A1F28737500719091 /* Connector_Third.m in Sources */,
				B1FC2A161F286D9000719091 /* AppDelegate.m in Sources */,
				B1FC2A5A1F286F6D00719091 /* ThirdViewController.m in Sources */,
				B1D6531E1F29959500FE33FE /* Model_ForFirst_info.m in Sources */,
				B1FC2A131F286D9000719091 /* main.m in Sources */,
				B1FC2A671F28735C00719091 /* Connector_Second.m in Sources */,
			);
			runOnlyForDeploymentPostprocessing = 0;
		};
		B1FC2A231F286D9100719091 /* Sources */ = {
			isa = PBXSourcesBuildPhase;
			buildActionMask = 2147483647;
			files = (
				B1FC2A2C1F286D9100719091 /* IOSFrameTests.m in Sources */,
			);
			runOnlyForDeploymentPostprocessing = 0;
		};
		B1FC2A2E1F286D9100719091 /* Sources */ = {
			isa = PBXSourcesBuildPhase;
			buildActionMask = 2147483647;
			files = (
				B1FC2A371F286D9100719091 /* IOSFrameUITests.m in Sources */,
			);
			runOnlyForDeploymentPostprocessing = 0;
		};
/* End PBXSourcesBuildPhase section */

/* Begin PBXTargetDependency section */
		B1FC2A291F286D9100719091 /* PBXTargetDependency */ = {
			isa = PBXTargetDependency;
			target = B1FC2A0D1F286D9000719091 /* IOSFrame */;
			targetProxy = B1FC2A281F286D9100719091 /* PBXContainerItemProxy */;
		};
		B1FC2A341F286D9100719091 /* PBXTargetDependency */ = {
			isa = PBXTargetDependency;
			target = B1FC2A0D1F286D9000719091 /* IOSFrame */;
			targetProxy = B1FC2A331F286D9100719091 /* PBXContainerItemProxy */;
		};
/* End PBXTargetDependency section */

/* Begin PBXVariantGroup section */
		B1FC2A1A1F286D9000719091 /* Main.storyboard */ = {
			isa = PBXVariantGroup;
			children = (
				B1FC2A1B1F286D9000719091 /* Base */,
			);
			name = Main.storyboard;
			sourceTree = "<group>";
		};
		B1FC2A1F1F286D9000719091 /* LaunchScreen.storyboard */ = {
			isa = PBXVariantGroup;
			children = (
				B1FC2A201F286D9000719091 /* Base */,
			);
			name = LaunchScreen.storyboard;
			sourceTree = "<group>";
		};
/* End PBXVariantGroup section */

/* Begin XCBuildConfiguration section */
		B1FC2A391F286D9100719091 /* Debug */ = {
			isa = XCBuildConfiguration;
			buildSettings = {
				ALWAYS_SEARCH_USER_PATHS = NO;
				CLANG_ANALYZER_NONNULL = YES;
				CLANG_ANALYZER_NUMBER_OBJECT_CONVERSION = YES_AGGRESSIVE;
				CLANG_CXX_LANGUAGE_STANDARD = "gnu++0x";
				CLANG_CXX_LIBRARY = "libc++";
				CLANG_ENABLE_MODULES = YES;
				CLANG_ENABLE_OBJC_ARC = YES;
				CLANG_WARN_BOOL_CONVERSION = YES;
				CLANG_WARN_CONSTANT_CONVERSION = YES;
				CLANG_WARN_DIRECT_OBJC_ISA_USAGE = YES_ERROR;
				CLANG_WARN_DOCUMENTATION_COMMENTS = YES;
				CLANG_WARN_EMPTY_BODY = YES;
				CLANG_WARN_ENUM_CONVERSION = YES;
				CLANG_WARN_INFINITE_RECURSION = YES;
				CLANG_WARN_INT_CONVERSION = YES;
				CLANG_WARN_OBJC_ROOT_CLASS = YES_ERROR;
				CLANG_WARN_SUSPICIOUS_MOVE = YES;
				CLANG_WARN_UNREACHABLE_CODE = YES;
				CLANG_WARN__DUPLICATE_METHOD_MATCH = YES;
				"CODE_SIGN_IDENTITY[sdk=iphoneos*]" = "iPhone Developer";
				COPY_PHASE_STRIP = NO;
				DEBUG_INFORMATION_FORMAT = dwarf;
				ENABLE_STRICT_OBJC_MSGSEND = YES;
				ENABLE_TESTABILITY = YES;
				GCC_C_LANGUAGE_STANDARD = gnu99;
				GCC_DYNAMIC_NO_PIC = NO;
				GCC_NO_COMMON_BLOCKS = YES;
				GCC_OPTIMIZATION_LEVEL = 0;
				GCC_PREPROCESSOR_DEFINITIONS = (
					"DEBUG=1",
					"$(inherited)",
				);
				GCC_WARN_64_TO_32_BIT_CONVERSION = YES;
				GCC_WARN_ABOUT_RETURN_TYPE = YES_ERROR;
				GCC_WARN_UNDECLARED_SELECTOR = YES;
				GCC_WARN_UNINITIALIZED_AUTOS = YES_AGGRESSIVE;
				GCC_WARN_UNUSED_FUNCTION = YES;
				GCC_WARN_UNUSED_VARIABLE = YES;
				IPHONEOS_DEPLOYMENT_TARGET = 9.0;
				MTL_ENABLE_DEBUG_INFO = YES;
				ONLY_ACTIVE_ARCH = YES;
				SDKROOT = iphoneos;
				TARGETED_DEVICE_FAMILY = "1,2";
			};
			name = Debug;
		};
		B1FC2A3A1F286D9100719091 /* Release */ = {
			isa = XCBuildConfiguration;
			buildSettings = {
				ALWAYS_SEARCH_USER_PATHS = NO;
				CLANG_ANALYZER_NONNULL = YES;
				CLANG_ANALYZER_NUMBER_OBJECT_CONVERSION = YES_AGGRESSIVE;
				CLANG_CXX_LANGUAGE_STANDARD = "gnu++0x";
				CLANG_CXX_LIBRARY = "libc++";
				CLANG_ENABLE_MODULES = YES;
				CLANG_ENABLE_OBJC_ARC = YES;
				CLANG_WARN_BOOL_CONVERSION = YES;
				CLANG_WARN_CONSTANT_CONVERSION = YES;
				CLANG_WARN_DIRECT_OBJC_ISA_USAGE = YES_ERROR;
				CLANG_WARN_DOCUMENTATION_COMMENTS = YES;
				CLANG_WARN_EMPTY_BODY = YES;
				CLANG_WARN_ENUM_CONVERSION = YES;
				CLANG_WARN_INFINITE_RECURSION = YES;
				CLANG_WARN_INT_CONVERSION = YES;
				CLANG_WARN_OBJC_ROOT_CLASS = YES_ERROR;
				CLANG_WARN_SUSPICIOUS_MOVE = YES;
				CLANG_WARN_UNREACHABLE_CODE = YES;
				CLANG_WARN__DUPLICATE_METHOD_MATCH = YES;
				"CODE_SIGN_IDENTITY[sdk=iphoneos*]" = "iPhone Developer";
				COPY_PHASE_STRIP = NO;
				DEBUG_INFORMATION_FORMAT = "dwarf-with-dsym";
				ENABLE_NS_ASSERTIONS = NO;
				ENABLE_STRICT_OBJC_MSGSEND = YES;
				GCC_C_LANGUAGE_STANDARD = gnu99;
				GCC_NO_COMMON_BLOCKS = YES;
				GCC_WARN_64_TO_32_BIT_CONVERSION = YES;
				GCC_WARN_ABOUT_RETURN_TYPE = YES_ERROR;
				GCC_WARN_UNDECLARED_SELECTOR = YES;
				GCC_WARN_UNINITIALIZED_AUTOS = YES_AGGRESSIVE;
				GCC_WARN_UNUSED_FUNCTION = YES;
				GCC_WARN_UNUSED_VARIABLE = YES;
				IPHONEOS_DEPLOYMENT_TARGET = 9.0;
				MTL_ENABLE_DEBUG_INFO = NO;
				SDKROOT = iphoneos;
				TARGETED_DEVICE_FAMILY = "1,2";
				VALIDATE_PRODUCT = YES;
			};
			name = Release;
		};
		B1FC2A3C1F286D9100719091 /* Debug */ = {
			isa = XCBuildConfiguration;
			baseConfigurationReference = A5872E193B9E2DC2DCD09B56 /* Pods-IOSFrame.debug.xcconfig */;
			buildSettings = {
				ASSETCATALOG_COMPILER_APPICON_NAME = AppIcon;
				GCC_PRECOMPILE_PREFIX_HEADER = YES;
				GCC_PREFIX_HEADER = IOSFrame/PrefixHeader.pch;
				INFOPLIST_FILE = IOSFrame/Info.plist;
				LD_RUNPATH_SEARCH_PATHS = "$(inherited) @executable_path/Frameworks";
				LIBRARY_SEARCH_PATHS = (
					"$(inherited)",
					"$(PROJECT_DIR)/Extensions/JPLibffi/libffi",
					"$(PROJECT_DIR)/build/Debug-iphoneos/JSPatch",
				);
				OTHER_LDFLAGS = (
					"-ObjC",
					"-all_load",
				);
				PRODUCT_BUNDLE_IDENTIFIER = ddd.IOSFrame;
				PRODUCT_NAME = "$(TARGET_NAME)";
			};
			name = Debug;
		};
		B1FC2A3D1F286D9100719091 /* Release */ = {
			isa = XCBuildConfiguration;
			baseConfigurationReference = 1F027E93B33E56EAB3F5E7FD /* Pods-IOSFrame.release.xcconfig */;
			buildSettings = {
				ASSETCATALOG_COMPILER_APPICON_NAME = AppIcon;
				GCC_PRECOMPILE_PREFIX_HEADER = YES;
				GCC_PREFIX_HEADER = IOSFrame/PrefixHeader.pch;
				INFOPLIST_FILE = IOSFrame/Info.plist;
				LD_RUNPATH_SEARCH_PATHS = "$(inherited) @executable_path/Frameworks";
				LIBRARY_SEARCH_PATHS = (
					"$(inherited)",
					"$(PROJECT_DIR)/Extensions/JPLibffi/libffi",
					"$(PROJECT_DIR)/build/Debug-iphoneos/JSPatch",
				);
				OTHER_LDFLAGS = (
					"-ObjC",
					"-all_load",
				);
				PRODUCT_BUNDLE_IDENTIFIER = ddd.IOSFrame;
				PRODUCT_NAME = "$(TARGET_NAME)";
			};
			name = Release;
		};
		B1FC2A3F1F286D9100719091 /* Debug */ = {
			isa = XCBuildConfiguration;
			buildSettings = {
				BUNDLE_LOADER = "$(TEST_HOST)";
				INFOPLIST_FILE = IOSFrameTests/Info.plist;
				LD_RUNPATH_SEARCH_PATHS = "$(inherited) @executable_path/Frameworks @loader_path/Frameworks";
				PRODUCT_BUNDLE_IDENTIFIER = ddd.IOSFrameTests;
				PRODUCT_NAME = "$(TARGET_NAME)";
				TEST_HOST = "$(BUILT_PRODUCTS_DIR)/IOSFrame.app/IOSFrame";
			};
			name = Debug;
		};
		B1FC2A401F286D9100719091 /* Release */ = {
			isa = XCBuildConfiguration;
			buildSettings = {
				BUNDLE_LOADER = "$(TEST_HOST)";
				INFOPLIST_FILE = IOSFrameTests/Info.plist;
				LD_RUNPATH_SEARCH_PATHS = "$(inherited) @executable_path/Frameworks @loader_path/Frameworks";
				PRODUCT_BUNDLE_IDENTIFIER = ddd.IOSFrameTests;
				PRODUCT_NAME = "$(TARGET_NAME)";
				TEST_HOST = "$(BUILT_PRODUCTS_DIR)/IOSFrame.app/IOSFrame";
			};
			name = Release;
		};
		B1FC2A421F286D9100719091 /* Debug */ = {
			isa = XCBuildConfiguration;
			buildSettings = {
				INFOPLIST_FILE = IOSFrameUITests/Info.plist;
				LD_RUNPATH_SEARCH_PATHS = "$(inherited) @executable_path/Frameworks @loader_path/Frameworks";
				PRODUCT_BUNDLE_IDENTIFIER = ddd.IOSFrameUITests;
				PRODUCT_NAME = "$(TARGET_NAME)";
				TEST_TARGET_NAME = IOSFrame;
			};
			name = Debug;
		};
		B1FC2A431F286D9100719091 /* Release */ = {
			isa = XCBuildConfiguration;
			buildSettings = {
				INFOPLIST_FILE = IOSFrameUITests/Info.plist;
				LD_RUNPATH_SEARCH_PATHS = "$(inherited) @executable_path/Frameworks @loader_path/Frameworks";
				PRODUCT_BUNDLE_IDENTIFIER = ddd.IOSFrameUITests;
				PRODUCT_NAME = "$(TARGET_NAME)";
				TEST_TARGET_NAME = IOSFrame;
			};
			name = Release;
		};
/* End XCBuildConfiguration section */

/* Begin XCConfigurationList section */
		B1FC2A091F286D9000719091 /* Build configuration list for PBXProject "IOSFrame" */ = {
			isa = XCConfigurationList;
			buildConfigurations = (
				B1FC2A391F286D9100719091 /* Debug */,
				B1FC2A3A1F286D9100719091 /* Release */,
			);
			defaultConfigurationIsVisible = 0;
			defaultConfigurationName = Release;
		};
		B1FC2A3B1F286D9100719091 /* Build configuration list for PBXNativeTarget "IOSFrame" */ = {
			isa = XCConfigurationList;
			buildConfigurations = (
				B1FC2A3C1F286D9100719091 /* Debug */,
				B1FC2A3D1F286D9100719091 /* Release */,
			);
			defaultConfigurationIsVisible = 0;
			defaultConfigurationName = Release;
		};
		B1FC2A3E1F286D9100719091 /* Build configuration list for PBXNativeTarget "IOSFrameTests" */ = {
			isa = XCConfigurationList;
			buildConfigurations = (
				B1FC2A3F1F286D9100719091 /* Debug */,
				B1FC2A401F286D9100719091 /* Release */,
			);
			defaultConfigurationIsVisible = 0;
			defaultConfigurationName = Release;
		};
		B1FC2A411F286D9100719091 /* Build configuration list for PBXNativeTarget "IOSFrameUITests" */ = {
			isa = XCConfigurationList;
			buildConfigurations = (
				B1FC2A421F286D9100719091 /* Debug */,
				B1FC2A431F286D9100719091 /* Release */,
			);
			defaultConfigurationIsVisible = 0;
			defaultConfigurationName = Release;
		};
/* End XCConfigurationList section */
	};
	rootObject = B1FC2A061F286D9000719091 /* Project object */;
}
